<?xml version="1.0" encoding="UTF-8" standalone="yes" ?>
<CodeBlocks_project_file>
	<FileVersion major="1" minor="6" />
	<Project>
		<Option title="zmpo" />
		<Option pch_mode="2" />
		<Option compiler="gcc" />
		<Build>
			<Target title="Debug">
				<Option output="bin/Debug/zmpo" prefix_auto="1" extension_auto="1" />
				<Option object_output="obj/Debug/" />
				<Option type="1" />
				<Option compiler="gcc" />
				<Compiler>
					<Add option="-g" />
					<Add directory="include" />
				</Compiler>
			</Target>
			<Target title="Release">
				<Option output="bin/Release/zmpo" prefix_auto="1" extension_auto="1" />
				<Option object_output="obj/Release/" />
				<Option type="1" />
				<Option compiler="gcc" />
				<Compiler>
					<Add option="-O2" />
					<Add directory="include" />
				</Compiler>
				<Linker>
					<Add option="-s" />
				</Linker>
			</Target>
		</Build>
		<Compiler>
			<Add option="-Wall" />
			<Add option="-fexceptions" />
		</Compiler>
		<Unit filename="Comments.txt" />
		<Unit filename="include/Kelner.h" />
		<Unit filename="include/Kucharz.h" />
		<Unit filename="include/Lanczyk.h" />
		<Unit filename="include/ListaZyczen.h" />
		<Unit filename="include/Menu.h" />
		<Unit filename="include/Obsluga.h" />
		<Unit filename="include/Pozycja.h" />
		<Unit filename="include/Pracownik.h" />
		<Unit filename="include/Rozlicz.h" />
		<Unit filename="include/Stolik.h" />
		<Unit filename="include/Zadanie.h" />
		<Unit filename="include/Zamowienie.h" />
		<Unit filename="include/kolejka.h" />
		<Unit filename="include/main.h" />
		<Unit filename="src/Kelner.cpp" />
		<Unit filename="src/Kucharz.cpp" />
		<Unit filename="src/Lanczyk.cpp" />
		<Unit filename="src/ListaZyczen.cpp" />
		<Unit filename="src/Menu.cpp" />
		<Unit filename="src/Obsluga.cpp" />
		<Unit filename="src/Pozycja.cpp" />
		<Unit filename="src/Pracownik.cpp" />
		<Unit filename="src/Rozlicz.cpp" />
		<Unit filename="src/Stolik.cpp" />
		<Unit filename="src/Zadanie.cpp" />
		<Unit filename="src/Zamowienie.cpp" />
		<Unit filename="src/kolejka.cpp" />
		<Unit filename="src/main.cpp" />
		<Extensions>
			<code_completion />
			<envvars />
			<debugger />
			<lib_finder disable_auto="1" />
		</Extensions>
	</Project>
</CodeBlocks_project_file>
